// !$*UTF8*$!
{
	archiveVersion = 1;
	classes = {
	};
	objectVersion = 50;
	objects = {

/* Begin PBXBuildFile section */
		84471FCE212A787700489FB6 /* AppDelegate.swift in Sources */ = {isa = PBXBuildFile; fileRef = 84471FCD212A787700489FB6 /* AppDelegate.swift */; };
		84471FD0212A787700489FB6 /* ViewController.swift in Sources */ = {isa = PBXBuildFile; fileRef = 84471FCF212A787700489FB6 /* ViewController.swift */; };
		84471FD3212A787700489FB6 /* Main.storyboard in Resources */ = {isa = PBXBuildFile; fileRef = 84471FD1212A787700489FB6 /* Main.storyboard */; };
		84471FD5212A787C00489FB6 /* Assets.xcassets in Resources */ = {isa = PBXBuildFile; fileRef = 84471FD4212A787C00489FB6 /* Assets.xcassets */; };
		84471FD8212A787C00489FB6 /* LaunchScreen.storyboard in Resources */ = {isa = PBXBuildFile; fileRef = 84471FD6212A787C00489FB6 /* LaunchScreen.storyboard */; };
		84471FE3212A787C00489FB6 /* HelloTests.swift in Sources */ = {isa = PBXBuildFile; fileRef = 84471FE2212A787C00489FB6 /* HelloTests.swift */; };
		84471FEE212A787C00489FB6 /* HelloUITests.swift in Sources */ = {isa = PBXBuildFile; fileRef = 84471FED212A787C00489FB6 /* HelloUITests.swift */; };
/* End PBXBuildFile section */

/* Begin PBXContainerItemProxy section */
		84471FDF212A787C00489FB6 /* PBXContainerItemProxy */ = {
			isa = PBXContainerItemProxy;
			containerPortal = 84471FC2212A787600489FB6 /* Project object */;
			proxyType = 1;
			remoteGlobalIDString = 84471FC9212A787700489FB6;
			remoteInfo = Hello;
		};
		84471FEA212A787C00489FB6 /* PBXContainerItemProxy */ = {
			isa = PBXContainerItemProxy;
			containerPortal = 84471FC2212A787600489FB6 /* Project object */;
			proxyType = 1;
			remoteGlobalIDString = 84471FC9212A787700489FB6;
			remoteInfo = Hello;
		};
/* End PBXContainerItemProxy section */

/* Begin PBXFileReference section */
		84471FCA212A787700489FB6 /* Hello.app */ = {isa = PBXFileReference; explicitFileType = wrapper.application; includeInIndex = 0; path = Hello.app; sourceTree = BUILT_PRODUCTS_DIR; };
		84471FCD212A787700489FB6 /* AppDelegate.swift */ = {isa = PBXFileReference; lastKnownFileType = sourcecode.swift; path = AppDelegate.swift; sourceTree = "<group>"; };
		84471FCF212A787700489FB6 /* ViewController.swift */ = {isa = PBXFileReference; lastKnownFileType = sourcecode.swift; path = ViewController.swift; sourceTree = "<group>"; };
		84471FD2212A787700489FB6 /* Base */ = {isa = PBXFileReference; lastKnownFileType = file.storyboard; name = Base; path = Base.lproj/Main.storyboard; sourceTree = "<group>"; };
		84471FD4212A787C00489FB6 /* Assets.xcassets */ = {isa = PBXFileReference; lastKnownFileType = folder.assetcatalog; path = Assets.xcassets; sourceTree = "<group>"; };
		84471FD7212A787C00489FB6 /* Base */ = {isa = PBXFileReference; lastKnownFileType = file.storyboard; name = Base; path = Base.lproj/LaunchScreen.storyboard; sourceTree = "<group>"; };
		84471FD9212A787C00489FB6 /* Info.plist */ = {isa = PBXFileReference; lastKnownFileType = text.plist.xml; path = Info.plist; sourceTree = "<group>"; };
		84471FDE212A787C00489FB6 /* HelloTests.xctest */ = {isa = PBXFileReference; explicitFileType = wrapper.cfbundle; includeInIndex = 0; path = HelloTests.xctest; sourceTree = BUILT_PRODUCTS_DIR; };
		84471FE2212A787C00489FB6 /* HelloTests.swift */ = {isa = PBXFileReference; lastKnownFileType = sourcecode.swift; path = HelloTests.swift; sourceTree = "<group>"; };
		84471FE4212A787C00489FB6 /* Info.plist */ = {isa = PBXFileReference; lastKnownFileType = text.plist.xml; path = Info.plist; sourceTree = "<group>"; };
		84471FE9212A787C00489FB6 /* HelloUITests.xctest */ = {isa = PBXFileReference; explicitFileType = wrapper.cfbundle; includeInIndex = 0; path = HelloUITests.xctest; sourceTree = BUILT_PRODUCTS_DIR; };
		84471FED212A787C00489FB6 /* HelloUITests.swift */ = {isa = PBXFileReference; lastKnownFileType = sourcecode.swift; path = HelloUITests.swift; sourceTree = "<group>"; };
		84471FEF212A787C00489FB6 /* Info.plist */ = {isa = PBXFileReference; lastKnownFileType = text.plist.xml; path = Info.plist; sourceTree = "<group>"; };
/* End PBXFileReference section */

/* Begin PBXFrameworksBuildPhase section */
		84471FC7212A787700489FB6 /* Frameworks */ = {
			isa = PBXFrameworksBuildPhase;
			buildActionMask = 2147483647;
			files = (
			);
			runOnlyForDeploymentPostprocessing = 0;
		};
		84471FDB212A787C00489FB6 /* Frameworks */ = {
			isa = PBXFrameworksBuildPhase;
			buildActionMask = 2147483647;
			files = (
			);
			runOnlyForDeploymentPostprocessing = 0;
		};
		84471FE6212A787C00489FB6 /* Frameworks */ = {
			isa = PBXFrameworksBuildPhase;
			buildActionMask = 2147483647;
			files = (
			);
			runOnlyForDeploymentPostprocessing = 0;
		};
/* End PBXFrameworksBuildPhase section */

/* Begin PBXGroup section */
		84471FC1212A787600489FB6 = {
			isa = PBXGroup;
			children = (
				84471FCC212A787700489FB6 /* Hello */,
				84471FE1212A787C00489FB6 /* HelloTests */,
				84471FEC212A787C00489FB6 /* HelloUITests */,
				84471FCB212A787700489FB6 /* Products */,
			);
			sourceTree = "<group>";
		};
		84471FCB212A787700489FB6 /* Products */ = {
			isa = PBXGroup;
			children = (
				84471FCA212A787700489FB6 /* Hello.app */,
				84471FDE212A787C00489FB6 /* HelloTests.xctest */,
				84471FE9212A787C00489FB6 /* HelloUITests.xctest */,
			);
			name = Products;
			sourceTree = "<group>";
		};
		84471FCC212A787700489FB6 /* Hello */ = {
			isa = PBXGroup;
			children = (
				84471FCD212A787700489FB6 /* AppDelegate.swift */,
				84471FCF212A787700489FB6 /* ViewController.swift */,
				84471FD1212A787700489FB6 /* Main.storyboard */,
				84471FD4212A787C00489FB6 /* Assets.xcassets */,
				84471FD6212A787C00489FB6 /* LaunchScreen.storyboard */,
				84471FD9212A787C00489FB6 /* Info.plist */,
			);
			path = Hello;
			sourceTree = "<group>";
		};
		84471FE1212A787C00489FB6 /* HelloTests */ = {
			isa = PBXGroup;
			children = (
				84471FE2212A787C00489FB6 /* HelloTests.swift */,
				84471FE4212A787C00489FB6 /* Info.plist */,
			);
			path = HelloTests;
			sourceTree = "<group>";
		};
		84471FEC212A787C00489FB6 /* HelloUITests */ = {
			isa = PBXGroup;
			children = (
				84471FED212A787C00489FB6 /* HelloUITests.swift */,
				84471FEF212A787C00489FB6 /* Info.plist */,
			);
			path = HelloUITests;
			sourceTree = "<group>";
		};
/* End PBXGroup section */

/* Begin PBXNativeTarget section */
		84471FC9212A787700489FB6 /* Hello */ = {
			isa = PBXNativeTarget;
			buildConfigurationList = 84471FF2212A787C00489FB6 /* Build configuration list for PBXNativeTarget "Hello" */;
			buildPhases = (
				84471FC6212A787700489FB6 /* Sources */,
				84471FC7212A787700489FB6 /* Frameworks */,
				84471FC8212A787700489FB6 /* Resources */,
			);
			buildRules = (
			);
			dependencies = (
			);
			name = Hello;
			productName = Hello;
			productReference = 84471FCA212A787700489FB6 /* Hello.app */;
			productType = "com.apple.product-type.application";
		};
		84471FDD212A787C00489FB6 /* HelloTests */ = {
			isa = PBXNativeTarget;
			buildConfigurationList = 84471FF5212A787C00489FB6 /* Build configuration list for PBXNativeTarget "HelloTests" */;
			buildPhases = (
				84471FDA212A787C00489FB6 /* Sources */,
				84471FDB212A787C00489FB6 /* Frameworks */,
				84471FDC212A787C00489FB6 /* Resources */,
			);
			buildRules = (
			);
			dependencies = (
				84471FE0212A787C00489FB6 /* PBXTargetDependency */,
			);
			name = HelloTests;
			productName = HelloTests;
			productReference = 84471FDE212A787C00489FB6 /* HelloTests.xctest */;
			productType = "com.apple.product-type.bundle.unit-test";
		};
		84471FE8212A787C00489FB6 /* HelloUITests */ = {
			isa = PBXNativeTarget;
			buildConfigurationList = 84471FF8212A787C00489FB6 /* Build configuration list for PBXNativeTarget "HelloUITests" */;
			buildPhases = (
				84471FE5212A787C00489FB6 /* Sources */,
				84471FE6212A787C00489FB6 /* Frameworks */,
				84471FE7212A787C00489FB6 /* Resources */,
			);
			buildRules = (
			);
			dependencies = (
				84471FEB212A787C00489FB6 /* PBXTargetDependency */,
			);
			name = HelloUITests;
			productName = HelloUITests;
			productReference = 84471FE9212A787C00489FB6 /* HelloUITests.xctest */;
			productType = "com.apple.product-type.bundle.ui-testing";
		};
/* End PBXNativeTarget section */

/* Begin PBXProject section */
		84471FC2212A787600489FB6 /* Project object */ = {
			isa = PBXProject;
			attributes = {
				LastSwiftUpdateCheck = 0940;
				LastUpgradeCheck = 0940;
				ORGANIZATIONNAME = admin;
				TargetAttributes = {
					84471FC9212A787700489FB6 = {
						CreatedOnToolsVersion = 9.4.1;
					};
					84471FDD212A787C00489FB6 = {
						CreatedOnToolsVersion = 9.4.1;
						TestTargetID = 84471FC9212A787700489FB6;
					};
					84471FE8212A787C00489FB6 = {
						CreatedOnToolsVersion = 9.4.1;
						TestTargetID = 84471FC9212A787700489FB6;
					};
				};
			};
			buildConfigurationList = 84471FC5212A787600489FB6 /* Build configuration list for PBXProject "Hello" */;
			compatibilityVersion = "Xcode 9.3";
			developmentRegion = en;
			hasScannedForEncodings = 0;
			knownRegions = (
				en,
				Base,
			);
			mainGroup = 84471FC1212A787600489FB6;
			productRefGroup = 84471FCB212A787700489FB6 /* Products */;
			projectDirPath = "";
			projectRoot = "";
			targets = (
				84471FC9212A787700489FB6 /* Hello */,
				84471FDD212A787C00489FB6 /* HelloTests */,
				84471FE8212A787C00489FB6 /* HelloUITests */,
			);
		};
/* End PBXProject section */

/* Begin PBXResourcesBuildPhase section */
		84471FC8212A787700489FB6 /* Resources */ = {
			isa = PBXResourcesBuildPhase;
			buildActionMask = 2147483647;
			files = (
				84471FD8212A787C00489FB6 /* LaunchScreen.storyboard in Resources */,
				84471FD5212A787C00489FB6 /* Assets.xcassets in Resources */,
				84471FD3212A787700489FB6 /* Main.storyboard in Resources */,
			);
			runOnlyForDeploymentPostprocessing = 0;
		};
		84471FDC212A787C00489FB6 /* Resources */ = {
			isa = PBXResourcesBuildPhase;
			buildActionMask = 2147483647;
			files = (
			);
			runOnlyForDeploymentPostprocessing = 0;
		};
		84471FE7212A787C00489FB6 /* Resources */ = {
			isa = PBXResourcesBuildPhase;
			buildActionMask = 2147483647;
			files = (
			);
			runOnlyForDeploymentPostprocessing = 0;
		};
/* End PBXResourcesBuildPhase section */

/* Begin PBXSourcesBuildPhase section */
		84471FC6212A787700489FB6 /* Sources */ = {
			isa = PBXSourcesBuildPhase;
			buildActionMask = 2147483647;
			files = (
				84471FD0212A787700489FB6 /* ViewController.swift in Sources */,
				84471FCE212A787700489FB6 /* AppDelegate.swift in Sources */,
			);
			runOnlyForDeploymentPostprocessing = 0;
		};
		84471FDA212A787C00489FB6 /* Sources */ = {
			isa = PBXSourcesBuildPhase;
			buildActionMask = 2147483647;
			files = (
				84471FE3212A787C00489FB6 /* HelloTests.swift in Sources */,
			);
			runOnlyForDeploymentPostprocessing = 0;
		};
		84471FE5212A787C00489FB6 /* Sources */ = {
			isa = PBXSourcesBuildPhase;
			buildActionMask = 2147483647;
			files = (
				84471FEE212A787C00489FB6 /* HelloUITests.swift in Sources */,
			);
			runOnlyForDeploymentPostprocessing = 0;
		};
/* End PBXSourcesBuildPhase section */

/* Begin PBXTargetDependency section */
		84471FE0212A787C00489FB6 /* PBXTargetDependency */ = {
			isa = PBXTargetDependency;
			target = 84471FC9212A787700489FB6 /* Hello */;
			targetProxy = 84471FDF212A787C00489FB6 /* PBXContainerItemProxy */;
		};
		84471FEB212A787C00489FB6 /* PBXTargetDependency */ = {
			isa = PBXTargetDependency;
			target = 84471FC9212A787700489FB6 /* Hello */;
			targetProxy = 84471FEA212A787C00489FB6 /* PBXContainerItemProxy */;
		};
/* End PBXTargetDependency section */

/* Begin PBXVariantGroup section */
		84471FD1212A787700489FB6 /* Main.storyboard */ = {
			isa = PBXVariantGroup;
			children = (
				84471FD2212A787700489FB6 /* Base */,
			);
			name = Main.storyboard;
			sourceTree = "<group>";
		};
		84471FD6212A787C00489FB6 /* LaunchScreen.storyboard */ = {
			isa = PBXVariantGroup;
			children = (
				84471FD7212A787C00489FB6 /* Base */,
			);
			name = LaunchScreen.storyboard;
			sourceTree = "<group>";
		};
/* End PBXVariantGroup section */

/* Begin XCBuildConfiguration section */
		84471FF0212A787C00489FB6 /* Debug */ = {
			isa = XCBuildConfiguration;
			buildSettings = {
				ALWAYS_SEARCH_USER_PATHS = NO;
				CLANG_ANALYZER_NONNULL = YES;
				CLANG_ANALYZER_NUMBER_OBJECT_CONVERSION = YES_AGGRESSIVE;
				CLANG_CXX_LANGUAGE_STANDARD = "gnu++14";
				CLANG_CXX_LIBRARY = "libc++";
				CLANG_ENABLE_MODULES = YES;
				CLANG_ENABLE_OBJC_ARC = YES;
				CLANG_ENABLE_OBJC_WEAK = YES;
				CLANG_WARN_BLOCK_CAPTURE_AUTORELEASING = YES;
				CLANG_WARN_BOOL_CONVERSION = YES;
				CLANG_WARN_COMMA = YES;
				CLANG_WARN_CONSTANT_CONVERSION = YES;
				CLANG_WARN_DEPRECATED_OBJC_IMPLEMENTATIONS = YES;
				CLANG_WARN_DIRECT_OBJC_ISA_USAGE = YES_ERROR;
				CLANG_WARN_DOCUMENTATION_COMMENTS = YES;
				CLANG_WARN_EMPTY_BODY = YES;
				CLANG_WARN_ENUM_CONVERSION = YES;
				CLANG_WARN_INFINITE_RECURSION = YES;
				CLANG_WARN_INT_CONVERSION = YES;
				CLANG_WARN_NON_LITERAL_NULL_CONVERSION = YES;
				CLANG_WARN_OBJC_IMPLICIT_RETAIN_SELF = YES;
				CLANG_WARN_OBJC_LITERAL_CONVERSION = YES;
				CLANG_WARN_OBJC_ROOT_CLASS = YES_ERROR;
				CLANG_WARN_RANGE_LOOP_ANALYSIS = YES;
				CLANG_WARN_STRICT_PROTOTYPES = YES;
				CLANG_WARN_SUSPICIOUS_MOVE = YES;
				CLANG_WARN_UNGUARDED_AVAILABILITY = YES_AGGRESSIVE;
				CLANG_WARN_UNREACHABLE_CODE = YES;
				CLANG_WARN__DUPLICATE_METHOD_MATCH = YES;
				CODE_SIGN_IDENTITY = "iPhone Developer";
				COPY_PHASE_STRIP = NO;
				DEBUG_INFORMATION_FORMAT = dwarf;
				ENABLE_STRICT_OBJC_MSGSEND = YES;
				ENABLE_TESTABILITY = YES;
				GCC_C_LANGUAGE_STANDARD = gnu11;
				GCC_DYNAMIC_NO_PIC = NO;
				GCC_NO_COMMON_BLOCKS = YES;
				GCC_OPTIMIZATION_LEVEL = 0;
				GCC_PREPROCESSOR_DEFINITIONS = (
					"DEBUG=1",
					"$(inherited)",
				);
				GCC_WARN_64_TO_32_BIT_CONVERSION = YES;
				GCC_WARN_ABOUT_RETURN_TYPE = YES_ERROR;
				GCC_WARN_UNDECLARED_SELECTOR = YES;
				GCC_WARN_UNINITIALIZED_AUTOS = YES_AGGRESSIVE;
				GCC_WARN_UNUSED_FUNCTION = YES;
				GCC_WARN_UNUSED_VARIABLE = YES;
				IPHONEOS_DEPLOYMENT_TARGET = 11.4;
				MTL_ENABLE_DEBUG_INFO = YES;
				ONLY_ACTIVE_ARCH = YES;
				SDKROOT = iphoneos;
				SWIFT_ACTIVE_COMPILATION_CONDITIONS = DEBUG;
				SWIFT_OPTIMIZATION_LEVEL = "-Onone";
			};
			name = Debug;
		};
		84471FF1212A787C00489FB6 /* Release */ = {
			isa = XCBuildConfiguration;
			buildSettings = {
				ALWAYS_SEARCH_USER_PATHS = NO;
				CLANG_ANALYZER_NONNULL = YES;
				CLANG_ANALYZER_NUMBER_OBJECT_CONVERSION = YES_AGGRESSIVE;
				CLANG_CXX_LANGUAGE_STANDARD = "gnu++14";
				CLANG_CXX_LIBRARY = "libc++";
				CLANG_ENABLE_MODULES = YES;
				CLANG_ENABLE_OBJC_ARC = YES;
				CLANG_ENABLE_OBJC_WEAK = YES;
				CLANG_WARN_BLOCK_CAPTURE_AUTORELEASING = YES;
				CLANG_WARN_BOOL_CONVERSION = YES;
				CLANG_WARN_COMMA = YES;
				CLANG_WARN_CONSTANT_CONVERSION = YES;
				CLANG_WARN_DEPRECATED_OBJC_IMPLEMENTATIONS = YES;
				CLANG_WARN_DIRECT_OBJC_ISA_USAGE = YES_ERROR;
				CLANG_WARN_DOCUMENTATION_COMMENTS = YES;
				CLANG_WARN_EMPTY_BODY = YES;
				CLANG_WARN_ENUM_CONVERSION = YES;
				CLANG_WARN_INFINITE_RECURSION = YES;
				CLANG_WARN_INT_CONVERSION = YES;
				CLANG_WARN_NON_LITERAL_NULL_CONVERSION = YES;
				CLANG_WARN_OBJC_IMPLICIT_RETAIN_SELF = YES;
				CLANG_WARN_OBJC_LITERAL_CONVERSION = YES;
				CLANG_WARN_OBJC_ROOT_CLASS = YES_ERROR;
				CLANG_WARN_RANGE_LOOP_ANALYSIS = YES;
				CLANG_WARN_STRICT_PROTOTYPES = YES;
				CLANG_WARN_SUSPICIOUS_MOVE = YES;
				CLANG_WARN_UNGUARDED_AVAILABILITY = YES_AGGRESSIVE;
				CLANG_WARN_UNREACHABLE_CODE = YES;
				CLANG_WARN__DUPLICATE_METHOD_MATCH = YES;
				CODE_SIGN_IDENTITY = "iPhone Developer";
				COPY_PHASE_STRIP = NO;
				DEBUG_INFORMATION_FORMAT = "dwarf-with-dsym";
				ENABLE_NS_ASSERTIONS = NO;
				ENABLE_STRICT_OBJC_MSGSEND = YES;
				GCC_C_LANGUAGE_STANDARD = gnu11;
				GCC_NO_COMMON_BLOCKS = YES;
				GCC_WARN_64_TO_32_BIT_CONVERSION = YES;
				GCC_WARN_ABOUT_RETURN_TYPE = YES_ERROR;
				GCC_WARN_UNDECLARED_SELECTOR = YES;
				GCC_WARN_UNINITIALIZED_AUTOS = YES_AGGRESSIVE;
				GCC_WARN_UNUSED_FUNCTION = YES;
				GCC_WARN_UNUSED_VARIABLE = YES;
				IPHONEOS_DEPLOYMENT_TARGET = 11.4;
				MTL_ENABLE_DEBUG_INFO = NO;
				SDKROOT = iphoneos;
				SWIFT_COMPILATION_MODE = wholemodule;
				SWIFT_OPTIMIZATION_LEVEL = "-O";
				VALIDATE_PRODUCT = YES;
			};
			name = Release;
		};
		84471FF3212A787C00489FB6 /* Debug */ = {
			isa = XCBuildConfiguration;
			buildSettings = {
				ASSETCATALOG_COMPILER_APPICON_NAME = AppIcon;
				CODE_SIGN_STYLE = Automatic;
				INFOPLIST_FILE = Hello/Info.plist;
				LD_RUNPATH_SEARCH_PATHS = (
					"$(inherited)",
					"@executable_path/Frameworks",
				);
				PRODUCT_BUNDLE_IDENTIFIER = com.arit.demo.Hello;
				PRODUCT_NAME = "$(TARGET_NAME)";
				SWIFT_VERSION = 4.0;
				TARGETED_DEVICE_FAMILY = "1,2";
			};
			name = Debug;
		};
		84471FF4212A787C00489FB6 /* Release */ = {
			isa = XCBuildConfiguration;
			buildSettings = {
				ASSETCATALOG_COMPILER_APPICON_NAME = AppIcon;
				CODE_SIGN_STYLE = Automatic;
				INFOPLIST_FILE = Hello/Info.plist;
				LD_RUNPATH_SEARCH_PATHS = (
					"$(inherited)",
					"@executable_path/Frameworks",
				);
				PRODUCT_BUNDLE_IDENTIFIER = com.arit.demo.Hello;
				PRODUCT_NAME = "$(TARGET_NAME)";
				SWIFT_VERSION = 4.0;
				TARGETED_DEVICE_FAMILY = "1,2";
			};
			name = Release;
		};
		84471FF6212A787C00489FB6 /* Debug */ = {
			isa = XCBuildConfiguration;
			buildSettings = {
				ALWAYS_EMBED_SWIFT_STANDARD_LIBRARIES = YES;
				BUNDLE_LOADER = "$(TEST_HOST)";
				CODE_SIGN_STYLE = Automatic;
				INFOPLIST_FILE = HelloTests/Info.plist;
				LD_RUNPATH_SEARCH_PATHS = (
					"$(inherited)",
					"@executable_path/Frameworks",
					"@loader_path/Frameworks",
				);
				PRODUCT_BUNDLE_IDENTIFIER = com.arit.demo.HelloTests;
				PRODUCT_NAME = "$(TARGET_NAME)";
				SWIFT_VERSION = 4.0;
				TARGETED_DEVICE_FAMILY = "1,2";
				TEST_HOST = "$(BUILT_PRODUCTS_DIR)/Hello.app/Hello";
			};
			name = Debug;
		};
		84471FF7212A787C00489FB6 /* Release */ = {
			isa = XCBuildConfiguration;
			buildSettings = {
				ALWAYS_EMBED_SWIFT_STANDARD_LIBRARIES = YES;
				BUNDLE_LOADER = "$(TEST_HOST)";
				CODE_SIGN_STYLE = Automatic;
				INFOPLIST_FILE = HelloTests/Info.plist;
				LD_RUNPATH_SEARCH_PATHS = (
					"$(inherited)",
					"@executable_path/Frameworks",
					"@loader_path/Frameworks",
				);
				PRODUCT_BUNDLE_IDENTIFIER = com.arit.demo.HelloTests;
				PRODUCT_NAME = "$(TARGET_NAME)";
				SWIFT_VERSION = 4.0;
				TARGETED_DEVICE_FAMILY = "1,2";
				TEST_HOST = "$(BUILT_PRODUCTS_DIR)/Hello.app/Hello";
			};
			name = Release;
		};
		84471FF9212A787C00489FB6 /* Debug */ = {
			isa = XCBuildConfiguration;
			buildSettings = {
				ALWAYS_EMBED_SWIFT_STANDARD_LIBRARIES = YES;
				CODE_SIGN_STYLE = Automatic;
				INFOPLIST_FILE = HelloUITests/Info.plist;
				LD_RUNPATH_SEARCH_PATHS = (
					"$(inherited)",
					"@executable_path/Frameworks",
					"@loader_path/Frameworks",
				);
				PRODUCT_BUNDLE_IDENTIFIER = com.arit.demo.HelloUITests;
				PRODUCT_NAME = "$(TARGET_NAME)";
				SWIFT_VERSION = 4.0;
				TARGETED_DEVICE_FAMILY = "1,2";
				TEST_TARGET_NAME = Hello;
			};
			name = Debug;
		};
		84471FFA212A787C00489FB6 /* Release */ = {
			isa = XCBuildConfiguration;
			buildSettings = {
				ALWAYS_EMBED_SWIFT_STANDARD_LIBRARIES = YES;
				CODE_SIGN_STYLE = Automatic;
				INFOPLIST_FILE = HelloUITests/Info.plist;
				LD_RUNPATH_SEARCH_PATHS = (
					"$(inherited)",
					"@executable_path/Frameworks",
					"@loader_path/Frameworks",
				);
				PRODUCT_BUNDLE_IDENTIFIER = com.arit.demo.HelloUITests;
				PRODUCT_NAME = "$(TARGET_NAME)";
				SWIFT_VERSION = 4.0;
				TARGETED_DEVICE_FAMILY = "1,2";
				TEST_TARGET_NAME = Hello;
			};
			name = Release;
		};
/* End XCBuildConfiguration section */

/* Begin XCConfigurationList section */
		84471FC5212A787600489FB6 /* Build configuration list for PBXProject "Hello" */ = {
			isa = XCConfigurationList;
			buildConfigurations = (
				84471FF0212A787C00489FB6 /* Debug */,
				84471FF1212A787C00489FB6 /* Release */,
			);
			defaultConfigurationIsVisible = 0;
			defaultConfigurationName = Release;
		};
		84471FF2212A787C00489FB6 /* Build configuration list for PBXNativeTarget "Hello" */ = {
			isa = XCConfigurationList;
			buildConfigurations = (
				84471FF3212A787C00489FB6 /* Debug */,
				84471FF4212A787C00489FB6 /* Release */,
			);
			defaultConfigurationIsVisible = 0;
			defaultConfigurationName = Release;
		};
		84471FF5212A787C00489FB6 /* Build configuration list for PBXNativeTarget "HelloTests" */ = {
			isa = XCConfigurationList;
			buildConfigurations = (
				84471FF6212A787C00489FB6 /* Debug */,
				84471FF7212A787C00489FB6 /* Release */,
			);
			defaultConfigurationIsVisible = 0;
			defaultConfigurationName = Release;
		};
		84471FF8212A787C00489FB6 /* Build configuration list for PBXNativeTarget "HelloUITests" */ = {
			isa = XCConfigurationList;
			buildConfigurations = (
				84471FF9212A787C00489FB6 /* Debug */,
				84471FFA212A787C00489FB6 /* Release */,
			);
			defaultConfigurationIsVisible = 0;
			defaultConfigurationName = Release;
		};
/* End XCConfigurationList section */
	};
	rootObject = 84471FC2212A787600489FB6 /* Project object */;
}
